// !$*UTF8*$!
{
	archiveVersion = 1;
	classes = {};
	objectVersion = 56;
	objects = {

/* Begin PBXBuildFile section */
		A20000000000000000000001 /* PearlApp.swift in Sources */ = {isa = PBXBuildFile; fileRef = A10000000000000000000001 /* PearlApp.swift */; };
		A20000000000000000000002 /* ChatModels.swift in Sources */ = {isa = PBXBuildFile; fileRef = A10000000000000000000002 /* ChatModels.swift */; };
		A20000000000000000000003 /* ChatAPI.swift in Sources */ = {isa = PBXBuildFile; fileRef = A10000000000000000000003 /* ChatAPI.swift */; };
		A20000000000000000000004 /* ChatViewModel.swift in Sources */ = {isa = PBXBuildFile; fileRef = A10000000000000000000004 /* ChatViewModel.swift */; };
		A20000000000000000000005 /* ChatView.swift in Sources */ = {isa = PBXBuildFile; fileRef = A10000000000000000000005 /* ChatView.swift */; };
		A20000000000000000000007 /* Assets.xcassets in Resources */ = {isa = PBXBuildFile; fileRef = A10000000000000000000008 /* Assets.xcassets */; };
		B20000000000000000000001 /* Theme.swift in Sources */ = {isa = PBXBuildFile; fileRef = B10000000000000000000001 /* Theme.swift */; };
		B20000000000000000000002 /* LXGWWenKaiScreen.ttf in Resources */ = {isa = PBXBuildFile; fileRef = B10000000000000000000002 /* LXGWWenKaiScreen.ttf */; };
		B20000000000000000000003 /* AppearanceSettings.swift in Sources */ = {isa = PBXBuildFile; fileRef = B10000000000000000000003 /* AppearanceSettings.swift */; };
		B20000000000000000000004 /* ChatBackground.swift in Sources */ = {isa = PBXBuildFile; fileRef = B10000000000000000000004 /* ChatBackground.swift */; };
		B20000000000000000000005 /* GlassBubble.swift in Sources */ = {isa = PBXBuildFile; fileRef = B10000000000000000000005 /* GlassBubble.swift */; };
		A20000000000000000000008 /* HealthProbe.swift in Sources */ = {isa = PBXBuildFile; fileRef = A10000000000000000000009 /* HealthProbe.swift */; };
/* End PBXBuildFile section */

/* Begin PBXFileReference section */
		A10000000000000000000000 /* Pearl.app */ = {isa = PBXFileReference; explicitFileType = wrapper.application; includeInIndex = 0; path = Pearl.app; sourceTree = BUILT_PRODUCTS_DIR; };
		A10000000000000000000001 /* PearlApp.swift */ = {isa = PBXFileReference; lastKnownFileType = sourcecode.swift; path = PearlApp.swift; sourceTree = "<group>"; };
		A10000000000000000000002 /* ChatModels.swift */ = {isa = PBXFileReference; lastKnownFileType = sourcecode.swift; path = ChatModels.swift; sourceTree = "<group>"; };
		A10000000000000000000003 /* ChatAPI.swift */ = {isa = PBXFileReference; lastKnownFileType = sourcecode.swift; path = ChatAPI.swift; sourceTree = "<group>"; };
		A10000000000000000000004 /* ChatViewModel.swift */ = {isa = PBXFileReference; lastKnownFileType = sourcecode.swift; path = ChatViewModel.swift; sourceTree = "<group>"; };
		A10000000000000000000005 /* ChatView.swift */ = {isa = PBXFileReference; lastKnownFileType = sourcecode.swift; path = ChatView.swift; sourceTree = "<group>"; };
		A10000000000000000000007 /* Info.plist */ = {isa = PBXFileReference; lastKnownFileType = text.plist.xml; path = Info.plist; sourceTree = "<group>"; };
		A10000000000000000000008 /* Assets.xcassets */ = {isa = PBXFileReference; lastKnownFileType = folder.assetcatalog; path = Assets.xcassets; sourceTree = "<group>"; };
		A10000000000000000000009 /* HealthProbe.swift */ = {isa = PBXFileReference; lastKnownFileType = sourcecode.swift; path = HealthProbe.swift; sourceTree = "<group>"; };
		A1000000000000000000000A /* Pearl.entitlements */ = {isa = PBXFileReference; lastKnownFileType = text.plist.entitlements; path = Pearl.entitlements; sourceTree = "<group>"; };
		B10000000000000000000001 /* Theme.swift */ = {isa = PBXFileReference; lastKnownFileType = sourcecode.swift; path = Theme.swift; sourceTree = "<group>"; };
		B10000000000000000000002 /* LXGWWenKaiScreen.ttf */ = {isa = PBXFileReference; lastKnownFileType = file; path = Fonts/LXGWWenKaiScreen.ttf; sourceTree = "<group>"; };
		B10000000000000000000003 /* AppearanceSettings.swift */ = {isa = PBXFileReference; lastKnownFileType = sourcecode.swift; path = AppearanceSettings.swift; sourceTree = "<group>"; };
		B10000000000000000000004 /* ChatBackground.swift */ = {isa = PBXFileReference; lastKnownFileType = sourcecode.swift; path = ChatBackground.swift; sourceTree = "<group>"; };
		B10000000000000000000005 /* GlassBubble.swift */ = {isa = PBXFileReference; lastKnownFileType = sourcecode.swift; path = GlassBubble.swift; sourceTree = "<group>"; };
/* End PBXFileReference section */

/* Begin PBXFrameworksBuildPhase section */
		A50000000000000000000002 /* Frameworks */ = {
			isa = PBXFrameworksBuildPhase;
			buildActionMask = 2147483647;
			files = ();
			runOnlyForDeploymentPostprocessing = 0;
		};
/* End PBXFrameworksBuildPhase section */

/* Begin PBXGroup section */
		A30000000000000000000000 = {
			isa = PBXGroup;
			children = (
				A30000000000000000000001 /* Pearl */,
				A30000000000000000000002 /* Products */,
			);
			sourceTree = "<group>";
		};
		A30000000000000000000001 /* Pearl */ = {
			isa = PBXGroup;
			children = (
				A10000000000000000000001 /* PearlApp.swift */,
				A10000000000000000000002 /* ChatModels.swift */,
				A10000000000000000000003 /* ChatAPI.swift */,
				A10000000000000000000004 /* ChatViewModel.swift */,
				A10000000000000000000005 /* ChatView.swift */,
				A10000000000000000000009 /* HealthProbe.swift */,
				B10000000000000000000001 /* Theme.swift */,
				B10000000000000000000003 /* AppearanceSettings.swift */,
				B10000000000000000000004 /* ChatBackground.swift */,
				A10000000000000000000007 /* Info.plist */,
				B10000000000000000000005 /* GlassBubble.swift */,
				A1000000000000000000000A /* Pearl.entitlements */,
				A10000000000000000000008 /* Assets.xcassets */,
				B10000000000000000000002 /* LXGWWenKaiScreen.ttf */,
			);
			path = Pearl;
			sourceTree = "<group>";
		};
		A30000000000000000000002 /* Products */ = {
			isa = PBXGroup;
			children = (A10000000000000000000000 /* Pearl.app */);
			name = Products;
			sourceTree = "<group>";
		};
/* End PBXGroup section */

/* Begin PBXNativeTarget section */
		A40000000000000000000001 /* Pearl */ = {
			isa = PBXNativeTarget;
			buildConfigurationList = A70000000000000000000001 /* Build configuration list for PBXNativeTarget "Pearl" */;
			buildPhases = (
				A50000000000000000000001 /* Sources */,
				A50000000000000000000002 /* Frameworks */,
				A50000000000000000000003 /* Resources */,
			);
			buildRules = ();
			dependencies = ();
			name = Pearl;
			productName = Pearl;
			productReference = A10000000000000000000000 /* Pearl.app */;
			productType = "com.apple.product-type.application";
		};
/* End PBXNativeTarget section */

/* Begin PBXProject section */
		A40000000000000000000000 /* Project object */ = {
			isa = PBXProject;
			attributes = {
				BuildIndependentTargetsInParallel = 1;
				LastSwiftUpdateCheck = 2660;
				LastUpgradeCheck = 2660;
				TargetAttributes = {
					A40000000000000000000001 = {
						CreatedOnToolsVersion = 26.0;
						SystemCapabilities = {
							com.apple.HealthKit = { enabled = 1; };
						};
					};
				};
			};
			buildConfigurationList = A70000000000000000000000 /* Build configuration list for PBXProject "Pearl" */;
			compatibilityVersion = "Xcode 14.0";
			developmentRegion = zh_CN;
			hasScannedForEncodings = 0;
			knownRegions = (Base, zh_CN, en);
			mainGroup = A30000000000000000000000;
			productRefGroup = A30000000000000000000002 /* Products */;
			projectDirPath = "";
			projectRoot = "";
			targets = (A40000000000000000000001 /* Pearl */);
		};
/* End PBXProject section */

/* Begin PBXResourcesBuildPhase section */
		A50000000000000000000003 /* Resources */ = {
			isa = PBXResourcesBuildPhase;
			buildActionMask = 2147483647;
			files = (
				A20000000000000000000007 /* Assets.xcassets in Resources */,
				B20000000000000000000002 /* LXGWWenKaiScreen.ttf in Resources */,
			);
			runOnlyForDeploymentPostprocessing = 0;
		};
/* End PBXResourcesBuildPhase section */

/* Begin PBXSourcesBuildPhase section */
		A50000000000000000000001 /* Sources */ = {
			isa = PBXSourcesBuildPhase;
			buildActionMask = 2147483647;
			files = (
				A20000000000000000000001 /* PearlApp.swift in Sources */,
				A20000000000000000000002 /* ChatModels.swift in Sources */,
				A20000000000000000000003 /* ChatAPI.swift in Sources */,
				A20000000000000000000004 /* ChatViewModel.swift in Sources */,
				A20000000000000000000005 /* ChatView.swift in Sources */,
				B20000000000000000000001 /* Theme.swift in Sources */,
				B20000000000000000000003 /* AppearanceSettings.swift in Sources */,
				B20000000000000000000004 /* ChatBackground.swift in Sources */,
				A20000000000000000000008 /* HealthProbe.swift in Sources */,
				B20000000000000000000005 /* GlassBubble.swift in Sources */,
			);
			runOnlyForDeploymentPostprocessing = 0;
		};
/* End PBXSourcesBuildPhase section */

/* Begin XCBuildConfiguration section */
		A60000000000000000000000 /* Debug */ = {
			isa = XCBuildConfiguration;
			buildSettings = {
				ALWAYS_SEARCH_USER_PATHS = NO;
				CLANG_ENABLE_MODULES = YES;
				COPY_PHASE_STRIP = NO;
				DEBUG_INFORMATION_FORMAT = dwarf;
				ENABLE_TESTABILITY = YES;
				GCC_C_LANGUAGE_STANDARD = gnu17;
				GCC_OPTIMIZATION_LEVEL = 0;
				ONLY_ACTIVE_ARCH = YES;
				SDKROOT = iphoneos;
				SWIFT_ACTIVE_COMPILATION_CONDITIONS = DEBUG;
				SWIFT_OPTIMIZATION_LEVEL = "-Onone";
			};
			name = Debug;
		};
		A60000000000000000000001 /* Release */ = {
			isa = XCBuildConfiguration;
			buildSettings = {
				ALWAYS_SEARCH_USER_PATHS = NO;
				CLANG_ENABLE_MODULES = YES;
				COPY_PHASE_STRIP = YES;
				DEBUG_INFORMATION_FORMAT = "dwarf-with-dsym";
				GCC_C_LANGUAGE_STANDARD = gnu17;
				SDKROOT = iphoneos;
				SWIFT_COMPILATION_MODE = wholemodule;
			};
			name = Release;
		};
		A60000000000000000000002 /* Debug */ = {
			isa = XCBuildConfiguration;
			buildSettings = {
				ASSETCATALOG_COMPILER_APPICON_NAME = AppIcon;
				CODE_SIGN_ENTITLEMENTS = Pearl/Pearl.entitlements;
				CODE_SIGN_STYLE = Automatic;
				CURRENT_PROJECT_VERSION = 1;
				ENABLE_PREVIEWS = YES;
				GENERATE_INFOPLIST_FILE = NO;
				INFOPLIST_FILE = Pearl/Info.plist;
				IPHONEOS_DEPLOYMENT_TARGET = 16.0;
				MARKETING_VERSION = 0.1;
				PRODUCT_BUNDLE_IDENTIFIER = org.pearlsylus.home;
				PRODUCT_NAME = "$(TARGET_NAME)";
				SUPPORTED_PLATFORMS = "iphoneos iphonesimulator";
				SWIFT_EMIT_LOC_STRINGS = YES;
				SWIFT_VERSION = 5.0;
				TARGETED_DEVICE_FAMILY = 1;
			};
			name = Debug;
		};
		A60000000000000000000003 /* Release */ = {
			isa = XCBuildConfiguration;
			buildSettings = {
				ASSETCATALOG_COMPILER_APPICON_NAME = AppIcon;
				CODE_SIGN_ENTITLEMENTS = Pearl/Pearl.entitlements;
				CODE_SIGN_STYLE = Automatic;
				CURRENT_PROJECT_VERSION = 1;
				GENERATE_INFOPLIST_FILE = NO;
				INFOPLIST_FILE = Pearl/Info.plist;
				IPHONEOS_DEPLOYMENT_TARGET = 16.0;
				MARKETING_VERSION = 0.1;
				PRODUCT_BUNDLE_IDENTIFIER = org.pearlsylus.home;
				PRODUCT_NAME = "$(TARGET_NAME)";
				SUPPORTED_PLATFORMS = "iphoneos iphonesimulator";
				SWIFT_EMIT_LOC_STRINGS = YES;
				SWIFT_VERSION = 5.0;
				TARGETED_DEVICE_FAMILY = 1;
			};
			name = Release;
		};
/* End XCBuildConfiguration section */

/* Begin XCConfigurationList section */
		A70000000000000000000000 /* Build configuration list for PBXProject "Pearl" */ = {
			isa = XCConfigurationList;
			buildConfigurations = (A60000000000000000000000 /* Debug */, A60000000000000000000001 /* Release */);
			defaultConfigurationIsVisible = 0;
			defaultConfigurationName = Release;
		};
		A70000000000000000000001 /* Build configuration list for PBXNativeTarget "Pearl" */ = {
			isa = XCConfigurationList;
			buildConfigurations = (A60000000000000000000002 /* Debug */, A60000000000000000000003 /* Release */);
			defaultConfigurationIsVisible = 0;
			defaultConfigurationName = Release;
		};
/* End XCConfigurationList section */
	};
	rootObject = A40000000000000000000000 /* Project object */;
}
